
Microsoft Visual Studio Solution File, Format Version 12.00
# Visual Studio 15
VisualStudioVersion = 15.0.28307.271
MinimumVisualStudioVersion = 10.0.40219.1
Project("{8BC9CEB8-8B4A-11D0-8D11-00A0C91BC942}") = "practice", "ConsoleApplication1\ConsoleApplication1.vcxproj", "{D0EBB89D-15E1-4A4B-AA8E-3FE09C3FAF3F}"
EndProject
Project("{8BC9CEB8-8B4A-11D0-8D11-00A0C91BC942}") = "Inheritance_derivation", "Inheritance_derivation\Inheritance_derivation.vcxproj", "{88DAD958-8F8E-4208-81DE-D5B3E911A108}"
EndProject
Global
	GlobalSection(SolutionConfigurationPlatforms) = preSolution
		Debug|x64 = Debug|x64
		Debug|x86 = Debug|x86
		Release|x64 = Release|x64
		Release|x86 = Release|x86
	EndGlobalSection
	GlobalSection(ProjectConfigurationPlatforms) = postSolution
		{D0EBB89D-15E1-4A4B-AA8E-3FE09C3FAF3F}.Debug|x64.ActiveCfg = Debug|x64
		{D0EBB89D-15E1-4A4B-AA8E-3FE09C3FAF3F}.Debug|x64.Build.0 = Debug|x64
		{D0EBB89D-15E1-4A4B-AA8E-3FE09C3FAF3F}.Debug|x86.ActiveCfg = Debug|Win32
		{D0EBB89D-15E1-4A4B-AA8E-3FE09C3FAF3F}.Debug|x86.Build.0 = Debug|Win32
		{D0EBB89D-15E1-4A4B-AA8E-3FE09C3FAF3F}.Release|x64.ActiveCfg = Release|x64
		{D0EBB89D-15E1-4A4B-AA8E-3FE09C3FAF3F}.Release|x64.Build.0 = Release|x64
		{D0EBB89D-15E1-4A4B-AA8E-3FE09C3FAF3F}.Release|x86.ActiveCfg = Release|Win32
		{D0EBB89D-15E1-4A4B-AA8E-3FE09C3FAF3F}.Release|x86.Build.0 = Release|Win32
		{88DAD958-8F8E-4208-81DE-D5B3E911A108}.Debug|x64.ActiveCfg = Debug|x64
		{88DAD958-8F8E-4208-81DE-D5B3E911A108}.Debug|x64.Build.0 = Debug|x64
		{88DAD958-8F8E-4208-81DE-D5B3E911A108}.Debug|x86.ActiveCfg = Debug|Win32
		{88DAD958-8F8E-4208-81DE-D5B3E911A108}.Debug|x86.Build.0 = Debug|Win32
		{88DAD958-8F8E-4208-81DE-D5B3E911A108}.Release|x64.ActiveCfg = Release|x64
		{88DAD958-8F8E-4208-81DE-D5B3E911A108}.Release|x64.Build.0 = Release|x64
		{88DAD958-8F8E-4208-81DE-D5B3E911A108}.Release|x86.ActiveCfg = Release|Win32
		{88DAD958-8F8E-4208-81DE-D5B3E911A108}.Release|x86.Build.0 = Release|Win32
	EndGlobalSection
	GlobalSection(SolutionProperties) = preSolution
		HideSolutionNode = FALSE
	EndGlobalSection
	GlobalSection(ExtensibilityGlobals) = postSolution
		SolutionGuid = {CEA87EDA-5F8C-440A-9BA8-E5990E42C3DC}
	EndGlobalSection
EndGlobal
